
Microsoft Visual Studio Solution File, Format Version 12.00
# Visual Studio 15
VisualStudioVersion = 15.0.26124.0
MinimumVisualStudioVersion = 15.0.26124.0
Project("{FAE04EC0-301F-11D3-BF4B-00C04F79EFBC}") = "Neo4j", "Neo4j\Neo4j.csproj", "{F8D05C19-FAF1-4848-8A67-2003D71D265C}"
EndProject
Project("{FAE04EC0-301F-11D3-BF4B-00C04F79EFBC}") = "MovieSampleTests", "MovieSampleTests\MovieSampleTests.csproj", "{D55AA4A1-D90D-4A3D-9570-85F96153CCE5}"
EndProject
Project("{FAE04EC0-301F-11D3-BF4B-00C04F79EFBC}") = "SampleClient", "SampleClient\SampleClient.csproj", "{D3C15D7F-8034-46C7-9021-137BEAAD44FE}"
EndProject
Global
	GlobalSection(SolutionConfigurationPlatforms) = preSolution
		Debug|Any CPU = Debug|Any CPU
		Debug|x64 = Debug|x64
		Debug|x86 = Debug|x86
		Release|Any CPU = Release|Any CPU
		Release|x64 = Release|x64
		Release|x86 = Release|x86
	EndGlobalSection
	GlobalSection(SolutionProperties) = preSolution
		HideSolutionNode = FALSE
	EndGlobalSection
	GlobalSection(ProjectConfigurationPlatforms) = postSolution
		{F8D05C19-FAF1-4848-8A67-2003D71D265C}.Debug|Any CPU.ActiveCfg = Debug|Any CPU
		{F8D05C19-FAF1-4848-8A67-2003D71D265C}.Debug|Any CPU.Build.0 = Debug|Any CPU
		{F8D05C19-FAF1-4848-8A67-2003D71D265C}.Debug|x64.ActiveCfg = Debug|Any CPU
		{F8D05C19-FAF1-4848-8A67-2003D71D265C}.Debug|x64.Build.0 = Debug|Any CPU
		{F8D05C19-FAF1-4848-8A67-2003D71D265C}.Debug|x86.ActiveCfg = Debug|Any CPU
		{F8D05C19-FAF1-4848-8A67-2003D71D265C}.Debug|x86.Build.0 = Debug|Any CPU
		{F8D05C19-FAF1-4848-8A67-2003D71D265C}.Release|Any CPU.ActiveCfg = Release|Any CPU
		{F8D05C19-FAF1-4848-8A67-2003D71D265C}.Release|Any CPU.Build.0 = Release|Any CPU
		{F8D05C19-FAF1-4848-8A67-2003D71D265C}.Release|x64.ActiveCfg = Release|Any CPU
		{F8D05C19-FAF1-4848-8A67-2003D71D265C}.Release|x64.Build.0 = Release|Any CPU
		{F8D05C19-FAF1-4848-8A67-2003D71D265C}.Release|x86.ActiveCfg = Release|Any CPU
		{F8D05C19-FAF1-4848-8A67-2003D71D265C}.Release|x86.Build.0 = Release|Any CPU
		{D55AA4A1-D90D-4A3D-9570-85F96153CCE5}.Debug|Any CPU.ActiveCfg = Debug|Any CPU
		{D55AA4A1-D90D-4A3D-9570-85F96153CCE5}.Debug|Any CPU.Build.0 = Debug|Any CPU
		{D55AA4A1-D90D-4A3D-9570-85F96153CCE5}.Debug|x64.ActiveCfg = Debug|Any CPU
		{D55AA4A1-D90D-4A3D-9570-85F96153CCE5}.Debug|x64.Build.0 = Debug|Any CPU
		{D55AA4A1-D90D-4A3D-9570-85F96153CCE5}.Debug|x86.ActiveCfg = Debug|Any CPU
		{D55AA4A1-D90D-4A3D-9570-85F96153CCE5}.Debug|x86.Build.0 = Debug|Any CPU
		{D55AA4A1-D90D-4A3D-9570-85F96153CCE5}.Release|Any CPU.ActiveCfg = Release|Any CPU
		{D55AA4A1-D90D-4A3D-9570-85F96153CCE5}.Release|Any CPU.Build.0 = Release|Any CPU
		{D55AA4A1-D90D-4A3D-9570-85F96153CCE5}.Release|x64.ActiveCfg = Release|Any CPU
		{D55AA4A1-D90D-4A3D-9570-85F96153CCE5}.Release|x64.Build.0 = Release|Any CPU
		{D55AA4A1-D90D-4A3D-9570-85F96153CCE5}.Release|x86.ActiveCfg = Release|Any CPU
		{D55AA4A1-D90D-4A3D-9570-85F96153CCE5}.Release|x86.Build.0 = Release|Any CPU
		{D3C15D7F-8034-46C7-9021-137BEAAD44FE}.Debug|Any CPU.ActiveCfg = Debug|Any CPU
		{D3C15D7F-8034-46C7-9021-137BEAAD44FE}.Debug|Any CPU.Build.0 = Debug|Any CPU
		{D3C15D7F-8034-46C7-9021-137BEAAD44FE}.Debug|x64.ActiveCfg = Debug|Any CPU
		{D3C15D7F-8034-46C7-9021-137BEAAD44FE}.Debug|x64.Build.0 = Debug|Any CPU
		{D3C15D7F-8034-46C7-9021-137BEAAD44FE}.Debug|x86.ActiveCfg = Debug|Any CPU
		{D3C15D7F-8034-46C7-9021-137BEAAD44FE}.Debug|x86.Build.0 = Debug|Any CPU
		{D3C15D7F-8034-46C7-9021-137BEAAD44FE}.Release|Any CPU.ActiveCfg = Release|Any CPU
		{D3C15D7F-8034-46C7-9021-137BEAAD44FE}.Release|Any CPU.Build.0 = Release|Any CPU
		{D3C15D7F-8034-46C7-9021-137BEAAD44FE}.Release|x64.ActiveCfg = Release|Any CPU
		{D3C15D7F-8034-46C7-9021-137BEAAD44FE}.Release|x64.Build.0 = Release|Any CPU
		{D3C15D7F-8034-46C7-9021-137BEAAD44FE}.Release|x86.ActiveCfg = Release|Any CPU
		{D3C15D7F-8034-46C7-9021-137BEAAD44FE}.Release|x86.Build.0 = Release|Any CPU
	EndGlobalSection
EndGlobal
